
Microsoft Visual Studio Solution File, Format Version 12.00
# Visual Studio Version 16
VisualStudioVersion = 16.0.29709.97
MinimumVisualStudioVersion = 10.0.40219.1
Project("{FAE04EC0-301F-11D3-BF4B-00C04F79EFBC}") = "ECMCService", "ECMCService\ECMCService.csproj", "{51476BED-9C7D-4E91-B113-32D49AE48A6F}"
EndProject
Project("{FAE04EC0-301F-11D3-BF4B-00C04F79EFBC}") = "CCT.Utility", "CCT.Utility\CCT.Utility.csproj", "{7ED6A4E6-1D1B-42BE-8797-5C24FE94C199}"
EndProject
Global
	GlobalSection(SolutionConfigurationPlatforms) = preSolution
		Debug|Any CPU = Debug|Any CPU
		Release|Any CPU = Release|Any CPU
	EndGlobalSection
	GlobalSection(ProjectConfigurationPlatforms) = postSolution
		{51476BED-9C7D-4E91-B113-32D49AE48A6F}.Debug|Any CPU.ActiveCfg = Debug|Any CPU
		{51476BED-9C7D-4E91-B113-32D49AE48A6F}.Debug|Any CPU.Build.0 = Debug|Any CPU
		{51476BED-9C7D-4E91-B113-32D49AE48A6F}.Release|Any CPU.ActiveCfg = Release|Any CPU
		{51476BED-9C7D-4E91-B113-32D49AE48A6F}.Release|Any CPU.Build.0 = Release|Any CPU
		{7ED6A4E6-1D1B-42BE-8797-5C24FE94C199}.Debug|Any CPU.ActiveCfg = Debug|Any CPU
		{7ED6A4E6-1D1B-42BE-8797-5C24FE94C199}.Debug|Any CPU.Build.0 = Debug|Any CPU
		{7ED6A4E6-1D1B-42BE-8797-5C24FE94C199}.Release|Any CPU.ActiveCfg = Release|Any CPU
		{7ED6A4E6-1D1B-42BE-8797-5C24FE94C199}.Release|Any CPU.Build.0 = Release|Any CPU
	EndGlobalSection
	GlobalSection(SolutionProperties) = preSolution
		HideSolutionNode = FALSE
	EndGlobalSection
	GlobalSection(ExtensibilityGlobals) = postSolution
		SolutionGuid = {DCEB0635-BEC0-4712-BC2E-CD80EAC4A88F}
	EndGlobalSection
EndGlobal
